
Microsoft Visual Studio Solution File, Format Version 12.00
# Visual Studio Version 16
VisualStudioVersion = 16.0.29306.81
MinimumVisualStudioVersion = 10.0.40219.1
Project("{FAE04EC0-301F-11D3-BF4B-00C04F79EFBC}") = "Module4_5", "Module4_5\Module4_5.csproj", "{30D3FAFE-BF73-4C2A-8061-A0655B4AF79B}"
EndProject
Global
	GlobalSection(SolutionConfigurationPlatforms) = preSolution
		Debug|Any CPU = Debug|Any CPU
		Release|Any CPU = Release|Any CPU
	EndGlobalSection
	GlobalSection(ProjectConfigurationPlatforms) = postSolution
		{30D3FAFE-BF73-4C2A-8061-A0655B4AF79B}.Debug|Any CPU.ActiveCfg = Debug|Any CPU
		{30D3FAFE-BF73-4C2A-8061-A0655B4AF79B}.Debug|Any CPU.Build.0 = Debug|Any CPU
		{30D3FAFE-BF73-4C2A-8061-A0655B4AF79B}.Release|Any CPU.ActiveCfg = Release|Any CPU
		{30D3FAFE-BF73-4C2A-8061-A0655B4AF79B}.Release|Any CPU.Build.0 = Release|Any CPU
	EndGlobalSection
	GlobalSection(SolutionProperties) = preSolution
		HideSolutionNode = FALSE
	EndGlobalSection
	GlobalSection(ExtensibilityGlobals) = postSolution
		SolutionGuid = {801D8442-1DB4-4FB4-85EB-CFFE696665DF}
	EndGlobalSection
EndGlobal
